
Microsoft Visual Studio Solution File, Format Version 12.00
# Visual Studio Version 17
VisualStudioVersion = 17.2.32526.322
MinimumVisualStudioVersion = 10.0.40219.1
Project("{FAE04EC0-301F-11D3-BF4B-00C04F79EFBC}") = "ConsoleApp1", "ConsoleApp1\ConsoleApp1.csproj", "{9383D737-9FCC-4F6D-9441-3A7274FA5EC2}"
EndProject
Global
	GlobalSection(SolutionConfigurationPlatforms) = preSolution
		Debug|Any CPU = Debug|Any CPU
		Release|Any CPU = Release|Any CPU
	EndGlobalSection
	GlobalSection(ProjectConfigurationPlatforms) = postSolution
		{9383D737-9FCC-4F6D-9441-3A7274FA5EC2}.Debug|Any CPU.ActiveCfg = Debug|Any CPU
		{9383D737-9FCC-4F6D-9441-3A7274FA5EC2}.Debug|Any CPU.Build.0 = Debug|Any CPU
		{9383D737-9FCC-4F6D-9441-3A7274FA5EC2}.Release|Any CPU.ActiveCfg = Release|Any CPU
		{9383D737-9FCC-4F6D-9441-3A7274FA5EC2}.Release|Any CPU.Build.0 = Release|Any CPU
	EndGlobalSection
	GlobalSection(SolutionProperties) = preSolution
		HideSolutionNode = FALSE
	EndGlobalSection
	GlobalSection(ExtensibilityGlobals) = postSolution
		SolutionGuid = {7A9AB32A-7DB0-47C2-B80B-EAE23F88B73C}
	EndGlobalSection
EndGlobal
